// !$*UTF8*$!
{
	archiveVersion = 1;
	classes = {
	};
	objectVersion = 46;
	objects = {

/* Begin PBXBuildFile section */
		01FAB6D61DA9A109006907B2 /* AppDelegate.swift in Sources */ = {isa = PBXBuildFile; fileRef = 01FAB6D51DA9A109006907B2 /* AppDelegate.swift */; };
		01FAB6D81DA9A109006907B2 /* MasterViewController.swift in Sources */ = {isa = PBXBuildFile; fileRef = 01FAB6D71DA9A109006907B2 /* MasterViewController.swift */; };
		01FAB6DA1DA9A109006907B2 /* DetailViewController.swift in Sources */ = {isa = PBXBuildFile; fileRef = 01FAB6D91DA9A109006907B2 /* DetailViewController.swift */; };
		01FAB6DD1DA9A109006907B2 /* Main.storyboard in Resources */ = {isa = PBXBuildFile; fileRef = 01FAB6DB1DA9A109006907B2 /* Main.storyboard */; };
		01FAB6DF1DA9A109006907B2 /* Assets.xcassets in Resources */ = {isa = PBXBuildFile; fileRef = 01FAB6DE1DA9A109006907B2 /* Assets.xcassets */; };
		01FAB6E21DA9A109006907B2 /* LaunchScreen.storyboard in Resources */ = {isa = PBXBuildFile; fileRef = 01FAB6E01DA9A109006907B2 /* LaunchScreen.storyboard */; };
		06235315CABAE3303F0BCD5F /* Pods_YelpRBC.framework in Frameworks */ = {isa = PBXBuildFile; fileRef = 4A94653993D45A34742B7F7E /* Pods_YelpRBC.framework */; };
/* End PBXBuildFile section */

/* Begin PBXFileReference section */
		01FAB6D21DA9A109006907B2 /* YelpRBC.app */ = {isa = PBXFileReference; explicitFileType = wrapper.application; includeInIndex = 0; path = YelpRBC.app; sourceTree = BUILT_PRODUCTS_DIR; };
		01FAB6D51DA9A109006907B2 /* AppDelegate.swift */ = {isa = PBXFileReference; lastKnownFileType = sourcecode.swift; path = AppDelegate.swift; sourceTree = "<group>"; };
		01FAB6D71DA9A109006907B2 /* MasterViewController.swift */ = {isa = PBXFileReference; lastKnownFileType = sourcecode.swift; path = MasterViewController.swift; sourceTree = "<group>"; };
		01FAB6D91DA9A109006907B2 /* DetailViewController.swift */ = {isa = PBXFileReference; lastKnownFileType = sourcecode.swift; path = DetailViewController.swift; sourceTree = "<group>"; };
		01FAB6DC1DA9A109006907B2 /* Base */ = {isa = PBXFileReference; lastKnownFileType = file.storyboard; name = Base; path = Base.lproj/Main.storyboard; sourceTree = "<group>"; };
		01FAB6DE1DA9A109006907B2 /* Assets.xcassets */ = {isa = PBXFileReference; lastKnownFileType = folder.assetcatalog; path = Assets.xcassets; sourceTree = "<group>"; };
		01FAB6E11DA9A109006907B2 /* Base */ = {isa = PBXFileReference; lastKnownFileType = file.storyboard; name = Base; path = Base.lproj/LaunchScreen.storyboard; sourceTree = "<group>"; };
		01FAB6E31DA9A109006907B2 /* Info.plist */ = {isa = PBXFileReference; lastKnownFileType = text.plist.xml; path = Info.plist; sourceTree = "<group>"; };
		094EFE47CC401B042A7FAD53 /* Pods-YelpRBC.release.xcconfig */ = {isa = PBXFileReference; includeInIndex = 1; lastKnownFileType = text.xcconfig; name = "Pods-YelpRBC.release.xcconfig"; path = "Pods/Target Support Files/Pods-YelpRBC/Pods-YelpRBC.release.xcconfig"; sourceTree = "<group>"; };
		28B3D089097E59C3CC72E3DB /* Pods-YelpRBC.debug.xcconfig */ = {isa = PBXFileReference; includeInIndex = 1; lastKnownFileType = text.xcconfig; name = "Pods-YelpRBC.debug.xcconfig"; path = "Pods/Target Support Files/Pods-YelpRBC/Pods-YelpRBC.debug.xcconfig"; sourceTree = "<group>"; };
		4A94653993D45A34742B7F7E /* Pods_YelpRBC.framework */ = {isa = PBXFileReference; explicitFileType = wrapper.framework; includeInIndex = 0; path = Pods_YelpRBC.framework; sourceTree = BUILT_PRODUCTS_DIR; };
/* End PBXFileReference section */

/* Begin PBXFrameworksBuildPhase section */
		01FAB6CF1DA9A109006907B2 /* Frameworks */ = {
			isa = PBXFrameworksBuildPhase;
			buildActionMask = 2147483647;
			files = (
				06235315CABAE3303F0BCD5F /* Pods_YelpRBC.framework in Frameworks */,
			);
			runOnlyForDeploymentPostprocessing = 0;
		};
/* End PBXFrameworksBuildPhase section */

/* Begin PBXGroup section */
		01FAB6C91DA9A109006907B2 = {
			isa = PBXGroup;
			children = (
				01FAB6D41DA9A109006907B2 /* YelpRBC */,
				01FAB6D31DA9A109006907B2 /* Products */,
				A9105219C133283B8834DEDC /* Pods */,
				22262DE0D386E81F5ED328E0 /* Frameworks */,
			);
			sourceTree = "<group>";
		};
		01FAB6D31DA9A109006907B2 /* Products */ = {
			isa = PBXGroup;
			children = (
				01FAB6D21DA9A109006907B2 /* YelpRBC.app */,
			);
			name = Products;
			sourceTree = "<group>";
		};
		01FAB6D41DA9A109006907B2 /* YelpRBC */ = {
			isa = PBXGroup;
			children = (
				01FAB6D51DA9A109006907B2 /* AppDelegate.swift */,
				01FAB6D71DA9A109006907B2 /* MasterViewController.swift */,
				01FAB6D91DA9A109006907B2 /* DetailViewController.swift */,
				01FAB6DB1DA9A109006907B2 /* Main.storyboard */,
				01FAB6DE1DA9A109006907B2 /* Assets.xcassets */,
				01FAB6E01DA9A109006907B2 /* LaunchScreen.storyboard */,
				01FAB6E31DA9A109006907B2 /* Info.plist */,
			);
			path = YelpRBC;
			sourceTree = "<group>";
		};
		22262DE0D386E81F5ED328E0 /* Frameworks */ = {
			isa = PBXGroup;
			children = (
				4A94653993D45A34742B7F7E /* Pods_YelpRBC.framework */,
			);
			name = Frameworks;
			sourceTree = "<group>";
		};
		A9105219C133283B8834DEDC /* Pods */ = {
			isa = PBXGroup;
			children = (
				28B3D089097E59C3CC72E3DB /* Pods-YelpRBC.debug.xcconfig */,
				094EFE47CC401B042A7FAD53 /* Pods-YelpRBC.release.xcconfig */,
			);
			name = Pods;
			sourceTree = "<group>";
		};
/* End PBXGroup section */

/* Begin PBXNativeTarget section */
		01FAB6D11DA9A109006907B2 /* YelpRBC */ = {
			isa = PBXNativeTarget;
			buildConfigurationList = 01FAB6E61DA9A109006907B2 /* Build configuration list for PBXNativeTarget "YelpRBC" */;
			buildPhases = (
				20042FC3FCC2160F13815C59 /* [CP] Check Pods Manifest.lock */,
				01FAB6CE1DA9A109006907B2 /* Sources */,
				01FAB6CF1DA9A109006907B2 /* Frameworks */,
				01FAB6D01DA9A109006907B2 /* Resources */,
				F0621EA3EC6910493CE5CE94 /* [CP] Embed Pods Frameworks */,
				DD28BB7AC3E465D26D3E5382 /* [CP] Copy Pods Resources */,
			);
			buildRules = (
			);
			dependencies = (
			);
			name = YelpRBC;
			productName = YelpRBC;
			productReference = 01FAB6D21DA9A109006907B2 /* YelpRBC.app */;
			productType = "com.apple.product-type.application";
		};
/* End PBXNativeTarget section */

/* Begin PBXProject section */
		01FAB6CA1DA9A109006907B2 /* Project object */ = {
			isa = PBXProject;
			attributes = {
				LastSwiftUpdateCheck = 0800;
				LastUpgradeCheck = 0800;
				ORGANIZATIONNAME = "Tnir Technologies";
				TargetAttributes = {
					01FAB6D11DA9A109006907B2 = {
						CreatedOnToolsVersion = 8.0;
						DevelopmentTeam = 2627P9MACW;
						ProvisioningStyle = Automatic;
					};
				};
			};
			buildConfigurationList = 01FAB6CD1DA9A109006907B2 /* Build configuration list for PBXProject "YelpRBC" */;
			compatibilityVersion = "Xcode 3.2";
			developmentRegion = English;
			hasScannedForEncodings = 0;
			knownRegions = (
				en,
				Base,
			);
			mainGroup = 01FAB6C91DA9A109006907B2;
			productRefGroup = 01FAB6D31DA9A109006907B2 /* Products */;
			projectDirPath = "";
			projectRoot = "";
			targets = (
				01FAB6D11DA9A109006907B2 /* YelpRBC */,
			);
		};
/* End PBXProject section */

/* Begin PBXResourcesBuildPhase section */
		01FAB6D01DA9A109006907B2 /* Resources */ = {
			isa = PBXResourcesBuildPhase;
			buildActionMask = 2147483647;
			files = (
				01FAB6E21DA9A109006907B2 /* LaunchScreen.storyboard in Resources */,
				01FAB6DF1DA9A109006907B2 /* Assets.xcassets in Resources */,
				01FAB6DD1DA9A109006907B2 /* Main.storyboard in Resources */,
			);
			runOnlyForDeploymentPostprocessing = 0;
		};
/* End PBXResourcesBuildPhase section */

/* Begin PBXShellScriptBuildPhase section */
		20042FC3FCC2160F13815C59 /* [CP] Check Pods Manifest.lock */ = {
			isa = PBXShellScriptBuildPhase;
			buildActionMask = 2147483647;
			files = (
			);
			inputPaths = (
			);
			name = "[CP] Check Pods Manifest.lock";
			outputPaths = (
			);
			runOnlyForDeploymentPostprocessing = 0;
			shellPath = /bin/sh;
			shellScript = "diff \"${PODS_ROOT}/../Podfile.lock\" \"${PODS_ROOT}/Manifest.lock\" > /dev/null\nif [[ $? != 0 ]] ; then\n    cat << EOM\nerror: The sandbox is not in sync with the Podfile.lock. Run 'pod install' or update your CocoaPods installation.\nEOM\n    exit 1\nfi\n";
			showEnvVarsInLog = 0;
		};
		DD28BB7AC3E465D26D3E5382 /* [CP] Copy Pods Resources */ = {
			isa = PBXShellScriptBuildPhase;
			buildActionMask = 2147483647;
			files = (
			);
			inputPaths = (
			);
			name = "[CP] Copy Pods Resources";
			outputPaths = (
			);
			runOnlyForDeploymentPostprocessing = 0;
			shellPath = /bin/sh;
			shellScript = "\"${SRCROOT}/Pods/Target Support Files/Pods-YelpRBC/Pods-YelpRBC-resources.sh\"\n";
			showEnvVarsInLog = 0;
		};
		F0621EA3EC6910493CE5CE94 /* [CP] Embed Pods Frameworks */ = {
			isa = PBXShellScriptBuildPhase;
			buildActionMask = 2147483647;
			files = (
			);
			inputPaths = (
			);
			name = "[CP] Embed Pods Frameworks";
			outputPaths = (
			);
			runOnlyForDeploymentPostprocessing = 0;
			shellPath = /bin/sh;
			shellScript = "\"${SRCROOT}/Pods/Target Support Files/Pods-YelpRBC/Pods-YelpRBC-frameworks.sh\"\n";
			showEnvVarsInLog = 0;
		};
/* End PBXShellScriptBuildPhase section */

/* Begin PBXSourcesBuildPhase section */
		01FAB6CE1DA9A109006907B2 /* Sources */ = {
			isa = PBXSourcesBuildPhase;
			buildActionMask = 2147483647;
			files = (
				01FAB6DA1DA9A109006907B2 /* DetailViewController.swift in Sources */,
				01FAB6D81DA9A109006907B2 /* MasterViewController.swift in Sources */,
				01FAB6D61DA9A109006907B2 /* AppDelegate.swift in Sources */,
			);
			runOnlyForDeploymentPostprocessing = 0;
		};
/* End PBXSourcesBuildPhase section */

/* Begin PBXVariantGroup section */
		01FAB6DB1DA9A109006907B2 /* Main.storyboard */ = {
			isa = PBXVariantGroup;
			children = (
				01FAB6DC1DA9A109006907B2 /* Base */,
			);
			name = Main.storyboard;
			sourceTree = "<group>";
		};
		01FAB6E01DA9A109006907B2 /* LaunchScreen.storyboard */ = {
			isa = PBXVariantGroup;
			children = (
				01FAB6E11DA9A109006907B2 /* Base */,
			);
			name = LaunchScreen.storyboard;
			sourceTree = "<group>";
		};
/* End PBXVariantGroup section */

/* Begin XCBuildConfiguration section */
		01FAB6E41DA9A109006907B2 /* Debug */ = {
			isa = XCBuildConfiguration;
			buildSettings = {
				ALWAYS_SEARCH_USER_PATHS = NO;
				CLANG_ANALYZER_NONNULL = YES;
				CLANG_CXX_LANGUAGE_STANDARD = "gnu++0x";
				CLANG_CXX_LIBRARY = "libc++";
				CLANG_ENABLE_MODULES = YES;
				CLANG_ENABLE_OBJC_ARC = YES;
				CLANG_WARN_BOOL_CONVERSION = YES;
				CLANG_WARN_CONSTANT_CONVERSION = YES;
				CLANG_WARN_DIRECT_OBJC_ISA_USAGE = YES_ERROR;
				CLANG_WARN_DOCUMENTATION_COMMENTS = YES;
				CLANG_WARN_EMPTY_BODY = YES;
				CLANG_WARN_ENUM_CONVERSION = YES;
				CLANG_WARN_INFINITE_RECURSION = YES;
				CLANG_WARN_INT_CONVERSION = YES;
				CLANG_WARN_OBJC_ROOT_CLASS = YES_ERROR;
				CLANG_WARN_SUSPICIOUS_MOVES = YES;
				CLANG_WARN_UNREACHABLE_CODE = YES;
				CLANG_WARN__DUPLICATE_METHOD_MATCH = YES;
				"CODE_SIGN_IDENTITY[sdk=iphoneos*]" = "iPhone Developer";
				COPY_PHASE_STRIP = NO;
				DEBUG_INFORMATION_FORMAT = dwarf;
				ENABLE_STRICT_OBJC_MSGSEND = YES;
				ENABLE_TESTABILITY = YES;
				GCC_C_LANGUAGE_STANDARD = gnu99;
				GCC_DYNAMIC_NO_PIC = NO;
				GCC_NO_COMMON_BLOCKS = YES;
				GCC_OPTIMIZATION_LEVEL = 0;
				GCC_PREPROCESSOR_DEFINITIONS = (
					"DEBUG=1",
					"$(inherited)",
				);
				GCC_WARN_64_TO_32_BIT_CONVERSION = YES;
				GCC_WARN_ABOUT_RETURN_TYPE = YES_ERROR;
				GCC_WARN_UNDECLARED_SELECTOR = YES;
				GCC_WARN_UNINITIALIZED_AUTOS = YES_AGGRESSIVE;
				GCC_WARN_UNUSED_FUNCTION = YES;
				GCC_WARN_UNUSED_VARIABLE = YES;
				IPHONEOS_DEPLOYMENT_TARGET = 10.0;
				MTL_ENABLE_DEBUG_INFO = YES;
				ONLY_ACTIVE_ARCH = YES;
				SDKROOT = iphoneos;
				SWIFT_ACTIVE_COMPILATION_CONDITIONS = DEBUG;
				SWIFT_OPTIMIZATION_LEVEL = "-Onone";
				TARGETED_DEVICE_FAMILY = "1,2";
			};
			name = Debug;
		};
		01FAB6E51DA9A109006907B2 /* Release */ = {
			isa = XCBuildConfiguration;
			buildSettings = {
				ALWAYS_SEARCH_USER_PATHS = NO;
				CLANG_ANALYZER_NONNULL = YES;
				CLANG_CXX_LANGUAGE_STANDARD = "gnu++0x";
				CLANG_CXX_LIBRARY = "libc++";
				CLANG_ENABLE_MODULES = YES;
				CLANG_ENABLE_OBJC_ARC = YES;
				CLANG_WARN_BOOL_CONVERSION = YES;
				CLANG_WARN_CONSTANT_CONVERSION = YES;
				CLANG_WARN_DIRECT_OBJC_ISA_USAGE = YES_ERROR;
				CLANG_WARN_DOCUMENTATION_COMMENTS = YES;
				CLANG_WARN_EMPTY_BODY = YES;
				CLANG_WARN_ENUM_CONVERSION = YES;
				CLANG_WARN_INFINITE_RECURSION = YES;
				CLANG_WARN_INT_CONVERSION = YES;
				CLANG_WARN_OBJC_ROOT_CLASS = YES_ERROR;
				CLANG_WARN_SUSPICIOUS_MOVES = YES;
				CLANG_WARN_UNREACHABLE_CODE = YES;
				CLANG_WARN__DUPLICATE_METHOD_MATCH = YES;
				"CODE_SIGN_IDENTITY[sdk=iphoneos*]" = "iPhone Developer";
				COPY_PHASE_STRIP = NO;
				DEBUG_INFORMATION_FORMAT = "dwarf-with-dsym";
				ENABLE_NS_ASSERTIONS = NO;
				ENABLE_STRICT_OBJC_MSGSEND = YES;
				GCC_C_LANGUAGE_STANDARD = gnu99;
				GCC_NO_COMMON_BLOCKS = YES;
				GCC_WARN_64_TO_32_BIT_CONVERSION = YES;
				GCC_WARN_ABOUT_RETURN_TYPE = YES_ERROR;
				GCC_WARN_UNDECLARED_SELECTOR = YES;
				GCC_WARN_UNINITIALIZED_AUTOS = YES_AGGRESSIVE;
				GCC_WARN_UNUSED_FUNCTION = YES;
				GCC_WARN_UNUSED_VARIABLE = YES;
				IPHONEOS_DEPLOYMENT_TARGET = 10.0;
				MTL_ENABLE_DEBUG_INFO = NO;
				SDKROOT = iphoneos;
				SWIFT_OPTIMIZATION_LEVEL = "-Owholemodule";
				TARGETED_DEVICE_FAMILY = "1,2";
				VALIDATE_PRODUCT = YES;
			};
			name = Release;
		};
		01FAB6E71DA9A109006907B2 /* Debug */ = {
			isa = XCBuildConfiguration;
			baseConfigurationReference = 28B3D089097E59C3CC72E3DB /* Pods-YelpRBC.debug.xcconfig */;
			buildSettings = {
				ASSETCATALOG_COMPILER_APPICON_NAME = AppIcon;
				DEVELOPMENT_TEAM = 2627P9MACW;
				INFOPLIST_FILE = YelpRBC/Info.plist;
				LD_RUNPATH_SEARCH_PATHS = "$(inherited) @executable_path/Frameworks";
				PRODUCT_BUNDLE_IDENTIFIER = ca.tnir.YelpRBC;
				PRODUCT_NAME = "$(TARGET_NAME)";
				SWIFT_VERSION = 3.0;
			};
			name = Debug;
		};
		01FAB6E81DA9A109006907B2 /* Release */ = {
			isa = XCBuildConfiguration;
			baseConfigurationReference = 094EFE47CC401B042A7FAD53 /* Pods-YelpRBC.release.xcconfig */;
			buildSettings = {
				ASSETCATALOG_COMPILER_APPICON_NAME = AppIcon;
				DEVELOPMENT_TEAM = 2627P9MACW;
				INFOPLIST_FILE = YelpRBC/Info.plist;
				LD_RUNPATH_SEARCH_PATHS = "$(inherited) @executable_path/Frameworks";
				PRODUCT_BUNDLE_IDENTIFIER = ca.tnir.YelpRBC;
				PRODUCT_NAME = "$(TARGET_NAME)";
				SWIFT_VERSION = 3.0;
			};
			name = Release;
		};
/* End XCBuildConfiguration section */

/* Begin XCConfigurationList section */
		01FAB6CD1DA9A109006907B2 /* Build configuration list for PBXProject "YelpRBC" */ = {
			isa = XCConfigurationList;
			buildConfigurations = (
				01FAB6E41DA9A109006907B2 /* Debug */,
				01FAB6E51DA9A109006907B2 /* Release */,
			);
			defaultConfigurationIsVisible = 0;
			defaultConfigurationName = Release;
		};
		01FAB6E61DA9A109006907B2 /* Build configuration list for PBXNativeTarget "YelpRBC" */ = {
			isa = XCConfigurationList;
			buildConfigurations = (
				01FAB6E71DA9A109006907B2 /* Debug */,
				01FAB6E81DA9A109006907B2 /* Release */,
			);
			defaultConfigurationIsVisible = 0;
			defaultConfigurationName = Release;
		};
/* End XCConfigurationList section */
	};
	rootObject = 01FAB6CA1DA9A109006907B2 /* Project object */;
}
