PODS:
  - Alamofire (4.0.1)
  - AlamofireImage (3.1.0):
    - Alamofire (~> 4.0)
  - NFImageView (0.1.6):
    - Alamofire (~> 4.0)
    - AlamofireImage (~> 3.0)
  - SwiftyJSON (3.1.1)

DEPENDENCIES:
  - Alamofire (~> 4.0)
  - NFImageView
  - SwiftyJSON

SPEC CHECKSUMS:
  Alamofire: 7682d43245de14874acd142ec137b144aa1dd335
  AlamofireImage: bb8c8351c51cb1633bb6be69b6dbbaff37ce65b7
  NFImageView: 46d345513961698fd12cddd369663d93c060cc74
  SwiftyJSON: f0be2e604f83e8405a624e9f891898bf6ed4e019

PODFILE CHECKSUM: bb3bc885456224c6ef5ae8aecc3663eb6faf8018

COCOAPODS: 1.1.0.rc.2
