PODS:
  - Alamofire (4.0.1)
  - p2.OAuth2 (3.0.0)

DEPENDENCIES:
  - Alamofire (~> 4.0)
  - p2.OAuth2 (from `https://github.com/p2/OAuth2`)

EXTERNAL SOURCES:
  p2.OAuth2:
    :git: https://github.com/p2/OAuth2
    :submodules: true

CHECKOUT OPTIONS:
  p2.OAuth2:
    :commit: 5d5e3e1b1a13f39d4dce439fd6dce11bc4ccc721
    :git: https://github.com/p2/OAuth2
    :submodules: true

SPEC CHECKSUMS:
  Alamofire: 7682d43245de14874acd142ec137b144aa1dd335
  p2.OAuth2: a8f96ecad6a46189b9b193691fea401139e43491

PODFILE CHECKSUM: 24a9407bf399cd3dd7abdf554aef507fb66d4b27

COCOAPODS: 1.0.1
